// !$*UTF8*$!
{
	archiveVersion = 1;
	classes = {
	};
	objectVersion = 50;
	objects = {

/* Begin PBXBuildFile section */
		C305B34B22D7E84C00ADCA84 /* AppDelegate.swift in Sources */ = {isa = PBXBuildFile; fileRef = C305B34A22D7E84C00ADCA84 /* AppDelegate.swift */; };
		C305B34D22D7E84C00ADCA84 /* TodoListViewController.swift in Sources */ = {isa = PBXBuildFile; fileRef = C305B34C22D7E84C00ADCA84 /* TodoListViewController.swift */; };
		C305B35022D7E84C00ADCA84 /* Main.storyboard in Resources */ = {isa = PBXBuildFile; fileRef = C305B34E22D7E84C00ADCA84 /* Main.storyboard */; };
		C305B35222D7E84D00ADCA84 /* Assets.xcassets in Resources */ = {isa = PBXBuildFile; fileRef = C305B35122D7E84D00ADCA84 /* Assets.xcassets */; };
		C305B35522D7E84D00ADCA84 /* LaunchScreen.storyboard in Resources */ = {isa = PBXBuildFile; fileRef = C305B35322D7E84D00ADCA84 /* LaunchScreen.storyboard */; };
		C31B09E122F66C8B006CAA96 /* CategoryViewController.swift in Sources */ = {isa = PBXBuildFile; fileRef = C31B09E022F66C8B006CAA96 /* CategoryViewController.swift */; };
		C32B59AD23198E84001202D2 /* Item.swift in Sources */ = {isa = PBXBuildFile; fileRef = C32B59AC23198E84001202D2 /* Item.swift */; };
		C32B59AF23198E96001202D2 /* Category.swift in Sources */ = {isa = PBXBuildFile; fileRef = C32B59AE23198E96001202D2 /* Category.swift */; };
		C3C143CF2319D5610010F02C /* SwipeTableViewController.swift in Sources */ = {isa = PBXBuildFile; fileRef = C3C143CE2319D5610010F02C /* SwipeTableViewController.swift */; };
		E3DE007B598A8D65771FFB51 /* Pods_Todoey.framework in Frameworks */ = {isa = PBXBuildFile; fileRef = C0B45F353BE9952C5EAE9729 /* Pods_Todoey.framework */; };
/* End PBXBuildFile section */

/* Begin PBXFileReference section */
		30602FAAA948D91AA5BB2324 /* Pods-Todoey.release.xcconfig */ = {isa = PBXFileReference; includeInIndex = 1; lastKnownFileType = text.xcconfig; name = "Pods-Todoey.release.xcconfig"; path = "Target Support Files/Pods-Todoey/Pods-Todoey.release.xcconfig"; sourceTree = "<group>"; };
		C0B45F353BE9952C5EAE9729 /* Pods_Todoey.framework */ = {isa = PBXFileReference; explicitFileType = wrapper.framework; includeInIndex = 0; path = Pods_Todoey.framework; sourceTree = BUILT_PRODUCTS_DIR; };
		C22D00A04628BE4F51F33408 /* Pods-Todoey.debug.xcconfig */ = {isa = PBXFileReference; includeInIndex = 1; lastKnownFileType = text.xcconfig; name = "Pods-Todoey.debug.xcconfig"; path = "Target Support Files/Pods-Todoey/Pods-Todoey.debug.xcconfig"; sourceTree = "<group>"; };
		C305B34722D7E84C00ADCA84 /* Todoey.app */ = {isa = PBXFileReference; explicitFileType = wrapper.application; includeInIndex = 0; path = Todoey.app; sourceTree = BUILT_PRODUCTS_DIR; };
		C305B34A22D7E84C00ADCA84 /* AppDelegate.swift */ = {isa = PBXFileReference; lastKnownFileType = sourcecode.swift; path = AppDelegate.swift; sourceTree = "<group>"; };
		C305B34C22D7E84C00ADCA84 /* TodoListViewController.swift */ = {isa = PBXFileReference; lastKnownFileType = sourcecode.swift; path = TodoListViewController.swift; sourceTree = "<group>"; };
		C305B34F22D7E84C00ADCA84 /* Base */ = {isa = PBXFileReference; lastKnownFileType = file.storyboard; name = Base; path = Base.lproj/Main.storyboard; sourceTree = "<group>"; };
		C305B35122D7E84D00ADCA84 /* Assets.xcassets */ = {isa = PBXFileReference; lastKnownFileType = folder.assetcatalog; path = Assets.xcassets; sourceTree = "<group>"; };
		C305B35422D7E84D00ADCA84 /* Base */ = {isa = PBXFileReference; lastKnownFileType = file.storyboard; name = Base; path = Base.lproj/LaunchScreen.storyboard; sourceTree = "<group>"; };
		C305B35622D7E84D00ADCA84 /* Info.plist */ = {isa = PBXFileReference; lastKnownFileType = text.plist.xml; path = Info.plist; sourceTree = "<group>"; };
		C31B09E022F66C8B006CAA96 /* CategoryViewController.swift */ = {isa = PBXFileReference; lastKnownFileType = sourcecode.swift; path = CategoryViewController.swift; sourceTree = "<group>"; };
		C32B59AC23198E84001202D2 /* Item.swift */ = {isa = PBXFileReference; lastKnownFileType = sourcecode.swift; path = Item.swift; sourceTree = "<group>"; };
		C32B59AE23198E96001202D2 /* Category.swift */ = {isa = PBXFileReference; lastKnownFileType = sourcecode.swift; path = Category.swift; sourceTree = "<group>"; };
		C3C143CE2319D5610010F02C /* SwipeTableViewController.swift */ = {isa = PBXFileReference; lastKnownFileType = sourcecode.swift; path = SwipeTableViewController.swift; sourceTree = "<group>"; };
/* End PBXFileReference section */

/* Begin PBXFrameworksBuildPhase section */
		C305B34422D7E84C00ADCA84 /* Frameworks */ = {
			isa = PBXFrameworksBuildPhase;
			buildActionMask = 2147483647;
			files = (
				E3DE007B598A8D65771FFB51 /* Pods_Todoey.framework in Frameworks */,
			);
			runOnlyForDeploymentPostprocessing = 0;
		};
/* End PBXFrameworksBuildPhase section */

/* Begin PBXGroup section */
		61AFB327A417F2961E86ADE5 /* Pods */ = {
			isa = PBXGroup;
			children = (
				C22D00A04628BE4F51F33408 /* Pods-Todoey.debug.xcconfig */,
				30602FAAA948D91AA5BB2324 /* Pods-Todoey.release.xcconfig */,
			);
			path = Pods;
			sourceTree = "<group>";
		};
		7F0706EE347DE9CB45DBD9A7 /* Frameworks */ = {
			isa = PBXGroup;
			children = (
				C0B45F353BE9952C5EAE9729 /* Pods_Todoey.framework */,
			);
			name = Frameworks;
			sourceTree = "<group>";
		};
		C305B33E22D7E84C00ADCA84 = {
			isa = PBXGroup;
			children = (
				C305B34922D7E84C00ADCA84 /* Todoey */,
				C305B34822D7E84C00ADCA84 /* Products */,
				61AFB327A417F2961E86ADE5 /* Pods */,
				7F0706EE347DE9CB45DBD9A7 /* Frameworks */,
			);
			sourceTree = "<group>";
		};
		C305B34822D7E84C00ADCA84 /* Products */ = {
			isa = PBXGroup;
			children = (
				C305B34722D7E84C00ADCA84 /* Todoey.app */,
			);
			name = Products;
			sourceTree = "<group>";
		};
		C305B34922D7E84C00ADCA84 /* Todoey */ = {
			isa = PBXGroup;
			children = (
				C3B9B4D922E142E70032296A /* Controllers */,
				C305B34A22D7E84C00ADCA84 /* AppDelegate.swift */,
				C3B9B4D822E142CC0032296A /* Data Model */,
				C3B9B4DA22E143240032296A /* Views */,
				C3B9B4DB22E143440032296A /* Supporting Files */,
				C305B35622D7E84D00ADCA84 /* Info.plist */,
			);
			path = Todoey;
			sourceTree = "<group>";
		};
		C3B9B4D822E142CC0032296A /* Data Model */ = {
			isa = PBXGroup;
			children = (
				C32B59AC23198E84001202D2 /* Item.swift */,
				C32B59AE23198E96001202D2 /* Category.swift */,
			);
			path = "Data Model";
			sourceTree = "<group>";
		};
		C3B9B4D922E142E70032296A /* Controllers */ = {
			isa = PBXGroup;
			children = (
				C31B09E022F66C8B006CAA96 /* CategoryViewController.swift */,
				C305B34C22D7E84C00ADCA84 /* TodoListViewController.swift */,
				C3C143CE2319D5610010F02C /* SwipeTableViewController.swift */,
			);
			path = Controllers;
			sourceTree = "<group>";
		};
		C3B9B4DA22E143240032296A /* Views */ = {
			isa = PBXGroup;
			children = (
				C305B34E22D7E84C00ADCA84 /* Main.storyboard */,
			);
			path = Views;
			sourceTree = "<group>";
		};
		C3B9B4DB22E143440032296A /* Supporting Files */ = {
			isa = PBXGroup;
			children = (
				C305B35122D7E84D00ADCA84 /* Assets.xcassets */,
				C305B35322D7E84D00ADCA84 /* LaunchScreen.storyboard */,
			);
			path = "Supporting Files";
			sourceTree = "<group>";
		};
/* End PBXGroup section */

/* Begin PBXNativeTarget section */
		C305B34622D7E84C00ADCA84 /* Todoey */ = {
			isa = PBXNativeTarget;
			buildConfigurationList = C305B35922D7E84D00ADCA84 /* Build configuration list for PBXNativeTarget "Todoey" */;
			buildPhases = (
				AA22CA847F54A92AF47AD4B8 /* [CP] Check Pods Manifest.lock */,
				C305B34322D7E84C00ADCA84 /* Sources */,
				C305B34422D7E84C00ADCA84 /* Frameworks */,
				C305B34522D7E84C00ADCA84 /* Resources */,
				986F69C713153536F8E59B93 /* [CP] Embed Pods Frameworks */,
			);
			buildRules = (
			);
			dependencies = (
			);
			name = Todoey;
			productName = Todoey;
			productReference = C305B34722D7E84C00ADCA84 /* Todoey.app */;
			productType = "com.apple.product-type.application";
		};
/* End PBXNativeTarget section */

/* Begin PBXProject section */
		C305B33F22D7E84C00ADCA84 /* Project object */ = {
			isa = PBXProject;
			attributes = {
				LastSwiftUpdateCheck = 1010;
				LastUpgradeCheck = 1010;
				ORGANIZATIONNAME = "Ashutosh Burde";
				TargetAttributes = {
					C305B34622D7E84C00ADCA84 = {
						CreatedOnToolsVersion = 10.1;
					};
				};
			};
			buildConfigurationList = C305B34222D7E84C00ADCA84 /* Build configuration list for PBXProject "Todoey" */;
			compatibilityVersion = "Xcode 9.3";
			developmentRegion = en;
			hasScannedForEncodings = 0;
			knownRegions = (
				en,
				Base,
			);
			mainGroup = C305B33E22D7E84C00ADCA84;
			productRefGroup = C305B34822D7E84C00ADCA84 /* Products */;
			projectDirPath = "";
			projectRoot = "";
			targets = (
				C305B34622D7E84C00ADCA84 /* Todoey */,
			);
		};
/* End PBXProject section */

/* Begin PBXResourcesBuildPhase section */
		C305B34522D7E84C00ADCA84 /* Resources */ = {
			isa = PBXResourcesBuildPhase;
			buildActionMask = 2147483647;
			files = (
				C305B35522D7E84D00ADCA84 /* LaunchScreen.storyboard in Resources */,
				C305B35222D7E84D00ADCA84 /* Assets.xcassets in Resources */,
				C305B35022D7E84C00ADCA84 /* Main.storyboard in Resources */,
			);
			runOnlyForDeploymentPostprocessing = 0;
		};
/* End PBXResourcesBuildPhase section */

/* Begin PBXShellScriptBuildPhase section */
		986F69C713153536F8E59B93 /* [CP] Embed Pods Frameworks */ = {
			isa = PBXShellScriptBuildPhase;
			buildActionMask = 2147483647;
			files = (
			);
			inputFileListPaths = (
			);
			inputPaths = (
				"${PODS_ROOT}/Target Support Files/Pods-Todoey/Pods-Todoey-frameworks.sh",
				"${BUILT_PRODUCTS_DIR}/ChameleonFramework/ChameleonFramework.framework",
				"${BUILT_PRODUCTS_DIR}/Realm/Realm.framework",
				"${BUILT_PRODUCTS_DIR}/RealmSwift/RealmSwift.framework",
				"${BUILT_PRODUCTS_DIR}/SwipeCellKit/SwipeCellKit.framework",
			);
			name = "[CP] Embed Pods Frameworks";
			outputFileListPaths = (
			);
			outputPaths = (
				"${TARGET_BUILD_DIR}/${FRAMEWORKS_FOLDER_PATH}/ChameleonFramework.framework",
				"${TARGET_BUILD_DIR}/${FRAMEWORKS_FOLDER_PATH}/Realm.framework",
				"${TARGET_BUILD_DIR}/${FRAMEWORKS_FOLDER_PATH}/RealmSwift.framework",
				"${TARGET_BUILD_DIR}/${FRAMEWORKS_FOLDER_PATH}/SwipeCellKit.framework",
			);
			runOnlyForDeploymentPostprocessing = 0;
			shellPath = /bin/sh;
			shellScript = "\"${PODS_ROOT}/Target Support Files/Pods-Todoey/Pods-Todoey-frameworks.sh\"\n";
			showEnvVarsInLog = 0;
		};
		AA22CA847F54A92AF47AD4B8 /* [CP] Check Pods Manifest.lock */ = {
			isa = PBXShellScriptBuildPhase;
			buildActionMask = 2147483647;
			files = (
			);
			inputFileListPaths = (
			);
			inputPaths = (
				"${PODS_PODFILE_DIR_PATH}/Podfile.lock",
				"${PODS_ROOT}/Manifest.lock",
			);
			name = "[CP] Check Pods Manifest.lock";
			outputFileListPaths = (
			);
			outputPaths = (
				"$(DERIVED_FILE_DIR)/Pods-Todoey-checkManifestLockResult.txt",
			);
			runOnlyForDeploymentPostprocessing = 0;
			shellPath = /bin/sh;
			shellScript = "diff \"${PODS_PODFILE_DIR_PATH}/Podfile.lock\" \"${PODS_ROOT}/Manifest.lock\" > /dev/null\nif [ $? != 0 ] ; then\n    # print error to STDERR\n    echo \"error: The sandbox is not in sync with the Podfile.lock. Run 'pod install' or update your CocoaPods installation.\" >&2\n    exit 1\nfi\n# This output is used by Xcode 'outputs' to avoid re-running this script phase.\necho \"SUCCESS\" > \"${SCRIPT_OUTPUT_FILE_0}\"\n";
			showEnvVarsInLog = 0;
		};
/* End PBXShellScriptBuildPhase section */

/* Begin PBXSourcesBuildPhase section */
		C305B34322D7E84C00ADCA84 /* Sources */ = {
			isa = PBXSourcesBuildPhase;
			buildActionMask = 2147483647;
			files = (
				C31B09E122F66C8B006CAA96 /* CategoryViewController.swift in Sources */,
				C305B34D22D7E84C00ADCA84 /* TodoListViewController.swift in Sources */,
				C32B59AD23198E84001202D2 /* Item.swift in Sources */,
				C305B34B22D7E84C00ADCA84 /* AppDelegate.swift in Sources */,
				C3C143CF2319D5610010F02C /* SwipeTableViewController.swift in Sources */,
				C32B59AF23198E96001202D2 /* Category.swift in Sources */,
			);
			runOnlyForDeploymentPostprocessing = 0;
		};
/* End PBXSourcesBuildPhase section */

/* Begin PBXVariantGroup section */
		C305B34E22D7E84C00ADCA84 /* Main.storyboard */ = {
			isa = PBXVariantGroup;
			children = (
				C305B34F22D7E84C00ADCA84 /* Base */,
			);
			name = Main.storyboard;
			sourceTree = "<group>";
		};
		C305B35322D7E84D00ADCA84 /* LaunchScreen.storyboard */ = {
			isa = PBXVariantGroup;
			children = (
				C305B35422D7E84D00ADCA84 /* Base */,
			);
			name = LaunchScreen.storyboard;
			sourceTree = "<group>";
		};
/* End PBXVariantGroup section */

/* Begin XCBuildConfiguration section */
		C305B35722D7E84D00ADCA84 /* Debug */ = {
			isa = XCBuildConfiguration;
			buildSettings = {
				ALWAYS_SEARCH_USER_PATHS = NO;
				CLANG_ANALYZER_NONNULL = YES;
				CLANG_ANALYZER_NUMBER_OBJECT_CONVERSION = YES_AGGRESSIVE;
				CLANG_CXX_LANGUAGE_STANDARD = "gnu++14";
				CLANG_CXX_LIBRARY = "libc++";
				CLANG_ENABLE_MODULES = YES;
				CLANG_ENABLE_OBJC_ARC = YES;
				CLANG_ENABLE_OBJC_WEAK = YES;
				CLANG_WARN_BLOCK_CAPTURE_AUTORELEASING = YES;
				CLANG_WARN_BOOL_CONVERSION = YES;
				CLANG_WARN_COMMA = YES;
				CLANG_WARN_CONSTANT_CONVERSION = YES;
				CLANG_WARN_DEPRECATED_OBJC_IMPLEMENTATIONS = YES;
				CLANG_WARN_DIRECT_OBJC_ISA_USAGE = YES_ERROR;
				CLANG_WARN_DOCUMENTATION_COMMENTS = YES;
				CLANG_WARN_EMPTY_BODY = YES;
				CLANG_WARN_ENUM_CONVERSION = YES;
				CLANG_WARN_INFINITE_RECURSION = YES;
				CLANG_WARN_INT_CONVERSION = YES;
				CLANG_WARN_NON_LITERAL_NULL_CONVERSION = YES;
				CLANG_WARN_OBJC_IMPLICIT_RETAIN_SELF = YES;
				CLANG_WARN_OBJC_LITERAL_CONVERSION = YES;
				CLANG_WARN_OBJC_ROOT_CLASS = YES_ERROR;
				CLANG_WARN_RANGE_LOOP_ANALYSIS = YES;
				CLANG_WARN_STRICT_PROTOTYPES = YES;
				CLANG_WARN_SUSPICIOUS_MOVE = YES;
				CLANG_WARN_UNGUARDED_AVAILABILITY = YES_AGGRESSIVE;
				CLANG_WARN_UNREACHABLE_CODE = YES;
				CLANG_WARN__DUPLICATE_METHOD_MATCH = YES;
				CODE_SIGN_IDENTITY = "iPhone Developer";
				COPY_PHASE_STRIP = NO;
				DEBUG_INFORMATION_FORMAT = dwarf;
				ENABLE_STRICT_OBJC_MSGSEND = YES;
				ENABLE_TESTABILITY = YES;
				GCC_C_LANGUAGE_STANDARD = gnu11;
				GCC_DYNAMIC_NO_PIC = NO;
				GCC_NO_COMMON_BLOCKS = YES;
				GCC_OPTIMIZATION_LEVEL = 0;
				GCC_PREPROCESSOR_DEFINITIONS = (
					"DEBUG=1",
					"$(inherited)",
				);
				GCC_WARN_64_TO_32_BIT_CONVERSION = YES;
				GCC_WARN_ABOUT_RETURN_TYPE = YES_ERROR;
				GCC_WARN_UNDECLARED_SELECTOR = YES;
				GCC_WARN_UNINITIALIZED_AUTOS = YES_AGGRESSIVE;
				GCC_WARN_UNUSED_FUNCTION = YES;
				GCC_WARN_UNUSED_VARIABLE = YES;
				IPHONEOS_DEPLOYMENT_TARGET = 12.1;
				MTL_ENABLE_DEBUG_INFO = INCLUDE_SOURCE;
				MTL_FAST_MATH = YES;
				ONLY_ACTIVE_ARCH = YES;
				SDKROOT = iphoneos;
				SWIFT_ACTIVE_COMPILATION_CONDITIONS = DEBUG;
				SWIFT_OPTIMIZATION_LEVEL = "-Onone";
			};
			name = Debug;
		};
		C305B35822D7E84D00ADCA84 /* Release */ = {
			isa = XCBuildConfiguration;
			buildSettings = {
				ALWAYS_SEARCH_USER_PATHS = NO;
				CLANG_ANALYZER_NONNULL = YES;
				CLANG_ANALYZER_NUMBER_OBJECT_CONVERSION = YES_AGGRESSIVE;
				CLANG_CXX_LANGUAGE_STANDARD = "gnu++14";
				CLANG_CXX_LIBRARY = "libc++";
				CLANG_ENABLE_MODULES = YES;
				CLANG_ENABLE_OBJC_ARC = YES;
				CLANG_ENABLE_OBJC_WEAK = YES;
				CLANG_WARN_BLOCK_CAPTURE_AUTORELEASING = YES;
				CLANG_WARN_BOOL_CONVERSION = YES;
				CLANG_WARN_COMMA = YES;
				CLANG_WARN_CONSTANT_CONVERSION = YES;
				CLANG_WARN_DEPRECATED_OBJC_IMPLEMENTATIONS = YES;
				CLANG_WARN_DIRECT_OBJC_ISA_USAGE = YES_ERROR;
				CLANG_WARN_DOCUMENTATION_COMMENTS = YES;
				CLANG_WARN_EMPTY_BODY = YES;
				CLANG_WARN_ENUM_CONVERSION = YES;
				CLANG_WARN_INFINITE_RECURSION = YES;
				CLANG_WARN_INT_CONVERSION = YES;
				CLANG_WARN_NON_LITERAL_NULL_CONVERSION = YES;
				CLANG_WARN_OBJC_IMPLICIT_RETAIN_SELF = YES;
				CLANG_WARN_OBJC_LITERAL_CONVERSION = YES;
				CLANG_WARN_OBJC_ROOT_CLASS = YES_ERROR;
				CLANG_WARN_RANGE_LOOP_ANALYSIS = YES;
				CLANG_WARN_STRICT_PROTOTYPES = YES;
				CLANG_WARN_SUSPICIOUS_MOVE = YES;
				CLANG_WARN_UNGUARDED_AVAILABILITY = YES_AGGRESSIVE;
				CLANG_WARN_UNREACHABLE_CODE = YES;
				CLANG_WARN__DUPLICATE_METHOD_MATCH = YES;
				CODE_SIGN_IDENTITY = "iPhone Developer";
				COPY_PHASE_STRIP = NO;
				DEBUG_INFORMATION_FORMAT = "dwarf-with-dsym";
				ENABLE_NS_ASSERTIONS = NO;
				ENABLE_STRICT_OBJC_MSGSEND = YES;
				GCC_C_LANGUAGE_STANDARD = gnu11;
				GCC_NO_COMMON_BLOCKS = YES;
				GCC_WARN_64_TO_32_BIT_CONVERSION = YES;
				GCC_WARN_ABOUT_RETURN_TYPE = YES_ERROR;
				GCC_WARN_UNDECLARED_SELECTOR = YES;
				GCC_WARN_UNINITIALIZED_AUTOS = YES_AGGRESSIVE;
				GCC_WARN_UNUSED_FUNCTION = YES;
				GCC_WARN_UNUSED_VARIABLE = YES;
				IPHONEOS_DEPLOYMENT_TARGET = 12.1;
				MTL_ENABLE_DEBUG_INFO = NO;
				MTL_FAST_MATH = YES;
				SDKROOT = iphoneos;
				SWIFT_COMPILATION_MODE = wholemodule;
				SWIFT_OPTIMIZATION_LEVEL = "-O";
				VALIDATE_PRODUCT = YES;
			};
			name = Release;
		};
		C305B35A22D7E84D00ADCA84 /* Debug */ = {
			isa = XCBuildConfiguration;
			baseConfigurationReference = C22D00A04628BE4F51F33408 /* Pods-Todoey.debug.xcconfig */;
			buildSettings = {
				ASSETCATALOG_COMPILER_APPICON_NAME = AppIcon;
				CODE_SIGN_STYLE = Automatic;
				INFOPLIST_FILE = Todoey/Info.plist;
				LD_RUNPATH_SEARCH_PATHS = (
					"$(inherited)",
					"@executable_path/Frameworks",
				);
				PRODUCT_BUNDLE_IDENTIFIER = com.abstergo.Todoey;
				PRODUCT_NAME = "$(TARGET_NAME)";
				SWIFT_VERSION = 4.2;
				TARGETED_DEVICE_FAMILY = "1,2";
			};
			name = Debug;
		};
		C305B35B22D7E84D00ADCA84 /* Release */ = {
			isa = XCBuildConfiguration;
			baseConfigurationReference = 30602FAAA948D91AA5BB2324 /* Pods-Todoey.release.xcconfig */;
			buildSettings = {
				ASSETCATALOG_COMPILER_APPICON_NAME = AppIcon;
				CODE_SIGN_STYLE = Automatic;
				INFOPLIST_FILE = Todoey/Info.plist;
				LD_RUNPATH_SEARCH_PATHS = (
					"$(inherited)",
					"@executable_path/Frameworks",
				);
				PRODUCT_BUNDLE_IDENTIFIER = com.abstergo.Todoey;
				PRODUCT_NAME = "$(TARGET_NAME)";
				SWIFT_VERSION = 4.2;
				TARGETED_DEVICE_FAMILY = "1,2";
			};
			name = Release;
		};
/* End XCBuildConfiguration section */

/* Begin XCConfigurationList section */
		C305B34222D7E84C00ADCA84 /* Build configuration list for PBXProject "Todoey" */ = {
			isa = XCConfigurationList;
			buildConfigurations = (
				C305B35722D7E84D00ADCA84 /* Debug */,
				C305B35822D7E84D00ADCA84 /* Release */,
			);
			defaultConfigurationIsVisible = 0;
			defaultConfigurationName = Release;
		};
		C305B35922D7E84D00ADCA84 /* Build configuration list for PBXNativeTarget "Todoey" */ = {
			isa = XCConfigurationList;
			buildConfigurations = (
				C305B35A22D7E84D00ADCA84 /* Debug */,
				C305B35B22D7E84D00ADCA84 /* Release */,
			);
			defaultConfigurationIsVisible = 0;
			defaultConfigurationName = Release;
		};
/* End XCConfigurationList section */
	};
	rootObject = C305B33F22D7E84C00ADCA84 /* Project object */;
}
